Microsoft Visual Studio Solution File, Format Version 12.00
# Visual Studio Version 17
VisualStudioVersion = 17.0.31611.283
MinimumVisualStudioVersion = 10.0.40219.1
Project("{9A19103F-16F7-4668-BE54-9A1E7A4F7556}") = "QuickOrderSystemWebAPI", "QuickOrderSystemWebAPI\QuickOrderSystemWebAPI.csproj", "{68BC3194-E152-4322-A27A-6FA93AC38039}"
EndProject
Project("{9A19103F-16F7-4668-BE54-9A1E7A4F7556}") = "QuickOrderSystemAdminApp", "QuickOrderSystemAdminApp\QuickOrderSystemAdminApp.csproj", "{BCC38722-455B-4E20-A16E-C6113DB3647C}"
EndProject
Global
	GlobalSection(SolutionConfigurationPlatforms) = preSolution
		Debug|Any CPU = Debug|Any CPU
		Release|Any CPU = Release|Any CPU
	EndGlobalSection
	GlobalSection(ProjectConfigurationPlatforms) = postSolution
		{68BC3194-E152-4322-A27A-6FA93AC38039}.Debug|Any CPU.ActiveCfg = Debug|Any CPU
		{68BC3194-E152-4322-A27A-6FA93AC38039}.Debug|Any CPU.Build.0 = Debug|Any CPU
		{68BC3194-E152-4322-A27A-6FA93AC38039}.Release|Any CPU.ActiveCfg = Release|Any CPU
		{68BC3194-E152-4322-A27A-6FA93AC38039}.Release|Any CPU.Build.0 = Release|Any CPU
		{BCC38722-455B-4E20-A16E-C6113DB3647C}.Debug|Any CPU.ActiveCfg = Debug|Any CPU
		{BCC38722-455B-4E20-A16E-C6113DB3647C}.Debug|Any CPU.Build.0 = Debug|Any CPU
		{BCC38722-455B-4E20-A16E-C6113DB3647C}.Debug|Any CPU.Deploy.0 = Debug|Any CPU
		{BCC38722-455B-4E20-A16E-C6113DB3647C}.Release|Any CPU.ActiveCfg = Release|Any CPU
		{BCC38722-455B-4E20-A16E-C6113DB3647C}.Release|Any CPU.Build.0 = Release|Any CPU
		{BCC38722-455B-4E20-A16E-C6113DB3647C}.Release|Any CPU.Deploy.0 = Release|Any CPU
	EndGlobalSection
	GlobalSection(SolutionProperties) = preSolution
		HideSolutionNode = FALSE
	EndGlobalSection
	GlobalSection(ExtensibilityGlobals) = postSolution
		SolutionGuid = {61F7FB11-1E47-470C-91E2-47F8143E1572}
	EndGlobalSection
EndGlobal
